{
  "name": "pi-frontier",
  "version": "1.2.0",
  "lockfileVersion": 3,
  "requires": true,
  "packages": {
    "": {
      "name": "pi-frontier",
      "version": "1.2.0",
      "license": "MIT",
      "bin": {
        "pi-frontier": "src/cli.js"
      },
      "engines": {
        "node": ">=20.10"
      }
    }
  }
}
